<?xml version="1.0" encoding="utf-8"?>
<Project ToolsVersion="4.0" xmlns="http://schemas.microsoft.com/developer/msbuild/2003">
  <ItemGroup>
    <Filter Include="PCH">
      <UniqueIdentifier>{6c4a04b2-709f-4a79-925c-dc7ddf3dec0b}</UniqueIdentifier>
    </Filter>
    <Filter Include="DGI">
      <UniqueIdentifier>{62859f9e-6d57-4c7c-93df-e192b3bc07d3}</UniqueIdentifier>
    </Filter>
    <Filter Include="OURS">
      <UniqueIdentifier>{fa6718c4-01bd-4733-831a-51df3e59035e}</UniqueIdentifier>
    </Filter>
    <Filter Include="NBFM">
      <UniqueIdentifier>{9d771790-281a-455c-b673-eb8b681b3dca}</UniqueIdentifier>
    </Filter>
  </ItemGroup>
  <ItemGroup>
    <ClInclude Include="pch.h">
      <Filter>PCH</Filter>
    </ClInclude>
    <ClInclude Include="framework.h">
      <Filter>PCH</Filter>
    </ClInclude>
    <ClInclude Include="DGI.h">
      <Filter>DGI</Filter>
    </ClInclude>
    <ClInclude Include="PCID.h">
      <Filter>OURS</Filter>
    </ClInclude>
    <ClInclude Include="NBFM.h">
      <Filter>NBFM</Filter>
    </ClInclude>
  </ItemGroup>
  <ItemGroup>
    <ClCompile Include="pch.cpp">
      <Filter>PCH</Filter>
    </ClCompile>
    <ClCompile Include="DGI.cpp">
      <Filter>DGI</Filter>
    </ClCompile>
    <ClCompile Include="PCID.cpp">
      <Filter>OURS</Filter>
    </ClCompile>
    <ClCompile Include="NBFM.cpp">
      <Filter>NBFM</Filter>
    </ClCompile>
  </ItemGroup>
  <ItemGroup>
    <None Include="packages.config" />
  </ItemGroup>
</Project>